
Microsoft Visual Studio Solution File, Format Version 12.00
# Visual Studio 15
VisualStudioVersion = 15.0.27130.2036
MinimumVisualStudioVersion = 10.0.40219.1
Project("{FAE04EC0-301F-11D3-BF4B-00C04F79EFBC}") = "FlightApp", "FlightApp\FlightApp.csproj", "{D5F883FB-3187-4669-AC0C-117D7EA7150E}"
EndProject
Global
	GlobalSection(SolutionConfigurationPlatforms) = preSolution
		Debug|Any CPU = Debug|Any CPU
		Release|Any CPU = Release|Any CPU
	EndGlobalSection
	GlobalSection(ProjectConfigurationPlatforms) = postSolution
		{D5F883FB-3187-4669-AC0C-117D7EA7150E}.Debug|Any CPU.ActiveCfg = Debug|Any CPU
		{D5F883FB-3187-4669-AC0C-117D7EA7150E}.Debug|Any CPU.Build.0 = Debug|Any CPU
		{D5F883FB-3187-4669-AC0C-117D7EA7150E}.Release|Any CPU.ActiveCfg = Release|Any CPU
		{D5F883FB-3187-4669-AC0C-117D7EA7150E}.Release|Any CPU.Build.0 = Release|Any CPU
	EndGlobalSection
	GlobalSection(SolutionProperties) = preSolution
		HideSolutionNode = FALSE
	EndGlobalSection
	GlobalSection(ExtensibilityGlobals) = postSolution
		SolutionGuid = {90CDB1B7-5A82-4489-B3F4-C5873F9B554B}
	EndGlobalSection
EndGlobal
